
Microsoft Visual Studio Solution File, Format Version 12.00
# Visual Studio 15
Project("{FAE04EC0-301F-11D3-BF4B-00C04F79EFBC}") = "baracuda.monitoring", "baracuda.monitoring.csproj", "{A7489399-F362-870F-AE6D-4416EE9DC115}"
EndProject
Project("{FAE04EC0-301F-11D3-BF4B-00C04F79EFBC}") = "Assembly-CSharp", "Assembly-CSharp.csproj", "{2E18890B-B102-A010-8405-BA10ACBD40BF}"
EndProject
Project("{FAE04EC0-301F-11D3-BF4B-00C04F79EFBC}") = "Assembly-CSharp-firstpass", "Assembly-CSharp-firstpass.csproj", "{50EAD52C-DF5E-96C6-9379-B257B7E496BF}"
EndProject
Project("{FAE04EC0-301F-11D3-BF4B-00C04F79EFBC}") = "baracuda.monitoring.editor", "baracuda.monitoring.editor.csproj", "{11D8AF0E-437D-48C2-2EAD-6AE9EC0A43F9}"
EndProject
Global
	GlobalSection(SolutionConfigurationPlatforms) = preSolution
		Debug|Any CPU = Debug|Any CPU
		Release|Any CPU = Release|Any CPU
	EndGlobalSection
	GlobalSection(ProjectConfigurationPlatforms) = postSolution
		{A7489399-F362-870F-AE6D-4416EE9DC115}.Debug|Any CPU.ActiveCfg = Debug|Any CPU
		{A7489399-F362-870F-AE6D-4416EE9DC115}.Debug|Any CPU.Build.0 = Debug|Any CPU
		{A7489399-F362-870F-AE6D-4416EE9DC115}.Release|Any CPU.ActiveCfg = Release|Any CPU
		{A7489399-F362-870F-AE6D-4416EE9DC115}.Release|Any CPU.Build.0 = Release|Any CPU
		{2E18890B-B102-A010-8405-BA10ACBD40BF}.Debug|Any CPU.ActiveCfg = Debug|Any CPU
		{2E18890B-B102-A010-8405-BA10ACBD40BF}.Debug|Any CPU.Build.0 = Debug|Any CPU
		{2E18890B-B102-A010-8405-BA10ACBD40BF}.Release|Any CPU.ActiveCfg = Release|Any CPU
		{2E18890B-B102-A010-8405-BA10ACBD40BF}.Release|Any CPU.Build.0 = Release|Any CPU
		{50EAD52C-DF5E-96C6-9379-B257B7E496BF}.Debug|Any CPU.ActiveCfg = Debug|Any CPU
		{50EAD52C-DF5E-96C6-9379-B257B7E496BF}.Debug|Any CPU.Build.0 = Debug|Any CPU
		{50EAD52C-DF5E-96C6-9379-B257B7E496BF}.Release|Any CPU.ActiveCfg = Release|Any CPU
		{50EAD52C-DF5E-96C6-9379-B257B7E496BF}.Release|Any CPU.Build.0 = Release|Any CPU
		{11D8AF0E-437D-48C2-2EAD-6AE9EC0A43F9}.Debug|Any CPU.ActiveCfg = Debug|Any CPU
		{11D8AF0E-437D-48C2-2EAD-6AE9EC0A43F9}.Debug|Any CPU.Build.0 = Debug|Any CPU
		{11D8AF0E-437D-48C2-2EAD-6AE9EC0A43F9}.Release|Any CPU.ActiveCfg = Release|Any CPU
		{11D8AF0E-437D-48C2-2EAD-6AE9EC0A43F9}.Release|Any CPU.Build.0 = Release|Any CPU
	EndGlobalSection
	GlobalSection(SolutionProperties) = preSolution
		HideSolutionNode = FALSE
	EndGlobalSection
EndGlobal
